
Microsoft Visual Studio Solution File, Format Version 12.00
# Visual Studio 14
VisualStudioVersion = 14.0.23107.0
MinimumVisualStudioVersion = 10.0.40219.1
Project("{FAE04EC0-301F-11D3-BF4B-00C04F79EFBC}") = "RemoveDuplicatefromSortedArray", "1LinearList\Array\RemoveDuplicatefromSortedArray\RemoveDuplicatefromSortedArray.csproj", "{E4D2BF58-4C70-4F6C-85CF-F9CE7C458352}"
EndProject
Project("{FAE04EC0-301F-11D3-BF4B-00C04F79EFBC}") = "RemoveDuplicatefromSortedArray2", "1LinearList\Array\RemoveDuplicatefromSortedArray2\RemoveDuplicatefromSortedArray2.csproj", "{0485AB60-48DC-4DF2-B8AE-DB2B97F18E8F}"
EndProject
Project("{2150E333-8FDC-42A3-9474-1A3956D46DE8}") = "Doc", "Doc", "{21FCE4E0-113F-48B8-9522-A6F113BF805D}"
	ProjectSection(SolutionItems) = preProject
		Doc\leetcode-cpp.pdf = Doc\leetcode-cpp.pdf
	EndProjectSection
EndProject
Project("{2150E333-8FDC-42A3-9474-1A3956D46DE8}") = "Array", "Array", "{570AD9B5-E6AE-4B95-8461-8603B32BEC7D}"
EndProject
Project("{2150E333-8FDC-42A3-9474-1A3956D46DE8}") = "1LinearList", "1LinearList", "{CA05750C-2F82-480E-B58D-622085C76F47}"
EndProject
Global
	GlobalSection(SolutionConfigurationPlatforms) = preSolution
		Debug|Any CPU = Debug|Any CPU
		Release|Any CPU = Release|Any CPU
	EndGlobalSection
	GlobalSection(ProjectConfigurationPlatforms) = postSolution
		{E4D2BF58-4C70-4F6C-85CF-F9CE7C458352}.Debug|Any CPU.ActiveCfg = Debug|Any CPU
		{E4D2BF58-4C70-4F6C-85CF-F9CE7C458352}.Debug|Any CPU.Build.0 = Debug|Any CPU
		{E4D2BF58-4C70-4F6C-85CF-F9CE7C458352}.Release|Any CPU.ActiveCfg = Release|Any CPU
		{E4D2BF58-4C70-4F6C-85CF-F9CE7C458352}.Release|Any CPU.Build.0 = Release|Any CPU
		{0485AB60-48DC-4DF2-B8AE-DB2B97F18E8F}.Debug|Any CPU.ActiveCfg = Debug|Any CPU
		{0485AB60-48DC-4DF2-B8AE-DB2B97F18E8F}.Debug|Any CPU.Build.0 = Debug|Any CPU
		{0485AB60-48DC-4DF2-B8AE-DB2B97F18E8F}.Release|Any CPU.ActiveCfg = Release|Any CPU
		{0485AB60-48DC-4DF2-B8AE-DB2B97F18E8F}.Release|Any CPU.Build.0 = Release|Any CPU
	EndGlobalSection
	GlobalSection(SolutionProperties) = preSolution
		HideSolutionNode = FALSE
	EndGlobalSection
	GlobalSection(NestedProjects) = preSolution
		{E4D2BF58-4C70-4F6C-85CF-F9CE7C458352} = {570AD9B5-E6AE-4B95-8461-8603B32BEC7D}
		{0485AB60-48DC-4DF2-B8AE-DB2B97F18E8F} = {570AD9B5-E6AE-4B95-8461-8603B32BEC7D}
		{570AD9B5-E6AE-4B95-8461-8603B32BEC7D} = {CA05750C-2F82-480E-B58D-622085C76F47}
	EndGlobalSection
EndGlobal
